// !$*UTF8*$!
{
	archiveVersion = 1;
	classes = {
	};
	objectVersion = 46;
	objects = {

/* Begin PBXBuildFile section */
		D6847BFD1E84B844006DBBB0 /* AppDelegate.swift in Sources */ = {isa = PBXBuildFile; fileRef = D6847BFC1E84B844006DBBB0 /* AppDelegate.swift */; };
		D6847BFF1E84B844006DBBB0 /* ViewController.swift in Sources */ = {isa = PBXBuildFile; fileRef = D6847BFE1E84B844006DBBB0 /* ViewController.swift */; };
		D6847C021E84B845006DBBB0 /* Main.storyboard in Resources */ = {isa = PBXBuildFile; fileRef = D6847C001E84B845006DBBB0 /* Main.storyboard */; };
		D6847C041E84B845006DBBB0 /* Assets.xcassets in Resources */ = {isa = PBXBuildFile; fileRef = D6847C031E84B845006DBBB0 /* Assets.xcassets */; };
		D6847C071E84B845006DBBB0 /* LaunchScreen.storyboard in Resources */ = {isa = PBXBuildFile; fileRef = D6847C051E84B845006DBBB0 /* LaunchScreen.storyboard */; };
/* End PBXBuildFile section */

/* Begin PBXFileReference section */
		D6847BF91E84B844006DBBB0 /* GesturesPassword.app */ = {isa = PBXFileReference; explicitFileType = wrapper.application; includeInIndex = 0; path = GesturesPassword.app; sourceTree = BUILT_PRODUCTS_DIR; };
		D6847BFC1E84B844006DBBB0 /* AppDelegate.swift */ = {isa = PBXFileReference; lastKnownFileType = sourcecode.swift; path = AppDelegate.swift; sourceTree = "<group>"; };
		D6847BFE1E84B844006DBBB0 /* ViewController.swift */ = {isa = PBXFileReference; lastKnownFileType = sourcecode.swift; path = ViewController.swift; sourceTree = "<group>"; };
		D6847C011E84B845006DBBB0 /* Base */ = {isa = PBXFileReference; lastKnownFileType = file.storyboard; name = Base; path = Base.lproj/Main.storyboard; sourceTree = "<group>"; };
		D6847C031E84B845006DBBB0 /* Assets.xcassets */ = {isa = PBXFileReference; lastKnownFileType = folder.assetcatalog; path = Assets.xcassets; sourceTree = "<group>"; };
		D6847C061E84B845006DBBB0 /* Base */ = {isa = PBXFileReference; lastKnownFileType = file.storyboard; name = Base; path = Base.lproj/LaunchScreen.storyboard; sourceTree = "<group>"; };
		D6847C081E84B845006DBBB0 /* Info.plist */ = {isa = PBXFileReference; lastKnownFileType = text.plist.xml; path = Info.plist; sourceTree = "<group>"; };
/* End PBXFileReference section */

/* Begin PBXFrameworksBuildPhase section */
		D6847BF61E84B842006DBBB0 /* Frameworks */ = {
			isa = PBXFrameworksBuildPhase;
			buildActionMask = 2147483647;
			files = (
			);
			runOnlyForDeploymentPostprocessing = 0;
		};
/* End PBXFrameworksBuildPhase section */

/* Begin PBXGroup section */
		D6847BF01E84B842006DBBB0 = {
			isa = PBXGroup;
			children = (
				D6847BFB1E84B844006DBBB0 /* GesturesPassword */,
				D6847BFA1E84B844006DBBB0 /* Products */,
			);
			sourceTree = "<group>";
		};
		D6847BFA1E84B844006DBBB0 /* Products */ = {
			isa = PBXGroup;
			children = (
				D6847BF91E84B844006DBBB0 /* GesturesPassword.app */,
			);
			name = Products;
			sourceTree = "<group>";
		};
		D6847BFB1E84B844006DBBB0 /* GesturesPassword */ = {
			isa = PBXGroup;
			children = (
				D6847BFC1E84B844006DBBB0 /* AppDelegate.swift */,
				D6847BFE1E84B844006DBBB0 /* ViewController.swift */,
				D6847C001E84B845006DBBB0 /* Main.storyboard */,
				D6847C031E84B845006DBBB0 /* Assets.xcassets */,
				D6847C051E84B845006DBBB0 /* LaunchScreen.storyboard */,
				D6847C081E84B845006DBBB0 /* Info.plist */,
			);
			path = GesturesPassword;
			sourceTree = "<group>";
		};
/* End PBXGroup section */

/* Begin PBXNativeTarget section */
		D6847BF81E84B842006DBBB0 /* GesturesPassword */ = {
			isa = PBXNativeTarget;
			buildConfigurationList = D6847C0B1E84B845006DBBB0 /* Build configuration list for PBXNativeTarget "GesturesPassword" */;
			buildPhases = (
				D6847BF51E84B842006DBBB0 /* Sources */,
				D6847BF61E84B842006DBBB0 /* Frameworks */,
				D6847BF71E84B842006DBBB0 /* Resources */,
			);
			buildRules = (
			);
			dependencies = (
			);
			name = GesturesPassword;
			productName = GesturesPassword;
			productReference = D6847BF91E84B844006DBBB0 /* GesturesPassword.app */;
			productType = "com.apple.product-type.application";
		};
/* End PBXNativeTarget section */

/* Begin PBXProject section */
		D6847BF11E84B842006DBBB0 /* Project object */ = {
			isa = PBXProject;
			attributes = {
				LastSwiftUpdateCheck = 0820;
				LastUpgradeCheck = 0820;
				ORGANIZATIONNAME = sqluo;
				TargetAttributes = {
					D6847BF81E84B842006DBBB0 = {
						CreatedOnToolsVersion = 8.2.1;
						DevelopmentTeam = NP7D9SC777;
						ProvisioningStyle = Automatic;
					};
				};
			};
			buildConfigurationList = D6847BF41E84B842006DBBB0 /* Build configuration list for PBXProject "GesturesPassword" */;
			compatibilityVersion = "Xcode 3.2";
			developmentRegion = English;
			hasScannedForEncodings = 0;
			knownRegions = (
				en,
				Base,
			);
			mainGroup = D6847BF01E84B842006DBBB0;
			productRefGroup = D6847BFA1E84B844006DBBB0 /* Products */;
			projectDirPath = "";
			projectRoot = "";
			targets = (
				D6847BF81E84B842006DBBB0 /* GesturesPassword */,
			);
		};
/* End PBXProject section */

/* Begin PBXResourcesBuildPhase section */
		D6847BF71E84B842006DBBB0 /* Resources */ = {
			isa = PBXResourcesBuildPhase;
			buildActionMask = 2147483647;
			files = (
				D6847C071E84B845006DBBB0 /* LaunchScreen.storyboard in Resources */,
				D6847C041E84B845006DBBB0 /* Assets.xcassets in Resources */,
				D6847C021E84B845006DBBB0 /* Main.storyboard in Resources */,
			);
			runOnlyForDeploymentPostprocessing = 0;
		};
/* End PBXResourcesBuildPhase section */

/* Begin PBXSourcesBuildPhase section */
		D6847BF51E84B842006DBBB0 /* Sources */ = {
			isa = PBXSourcesBuildPhase;
			buildActionMask = 2147483647;
			files = (
				D6847BFF1E84B844006DBBB0 /* ViewController.swift in Sources */,
				D6847BFD1E84B844006DBBB0 /* AppDelegate.swift in Sources */,
			);
			runOnlyForDeploymentPostprocessing = 0;
		};
/* End PBXSourcesBuildPhase section */

/* Begin PBXVariantGroup section */
		D6847C001E84B845006DBBB0 /* Main.storyboard */ = {
			isa = PBXVariantGroup;
			children = (
				D6847C011E84B845006DBBB0 /* Base */,
			);
			name = Main.storyboard;
			sourceTree = "<group>";
		};
		D6847C051E84B845006DBBB0 /* LaunchScreen.storyboard */ = {
			isa = PBXVariantGroup;
			children = (
				D6847C061E84B845006DBBB0 /* Base */,
			);
			name = LaunchScreen.storyboard;
			sourceTree = "<group>";
		};
/* End PBXVariantGroup section */

/* Begin XCBuildConfiguration section */
		D6847C091E84B845006DBBB0 /* Debug */ = {
			isa = XCBuildConfiguration;
			buildSettings = {
				ALWAYS_SEARCH_USER_PATHS = NO;
				CLANG_ANALYZER_NONNULL = YES;
				CLANG_CXX_LANGUAGE_STANDARD = "gnu++0x";
				CLANG_CXX_LIBRARY = "libc++";
				CLANG_ENABLE_MODULES = YES;
				CLANG_ENABLE_OBJC_ARC = YES;
				CLANG_WARN_BOOL_CONVERSION = YES;
				CLANG_WARN_CONSTANT_CONVERSION = YES;
				CLANG_WARN_DIRECT_OBJC_ISA_USAGE = YES_ERROR;
				CLANG_WARN_DOCUMENTATION_COMMENTS = YES;
				CLANG_WARN_EMPTY_BODY = YES;
				CLANG_WARN_ENUM_CONVERSION = YES;
				CLANG_WARN_INFINITE_RECURSION = YES;
				CLANG_WARN_INT_CONVERSION = YES;
				CLANG_WARN_OBJC_ROOT_CLASS = YES_ERROR;
				CLANG_WARN_SUSPICIOUS_MOVE = YES;
				CLANG_WARN_UNREACHABLE_CODE = YES;
				CLANG_WARN__DUPLICATE_METHOD_MATCH = YES;
				"CODE_SIGN_IDENTITY[sdk=iphoneos*]" = "iPhone Developer";
				COPY_PHASE_STRIP = NO;
				DEBUG_INFORMATION_FORMAT = dwarf;
				ENABLE_STRICT_OBJC_MSGSEND = YES;
				ENABLE_TESTABILITY = YES;
				GCC_C_LANGUAGE_STANDARD = gnu99;
				GCC_DYNAMIC_NO_PIC = NO;
				GCC_NO_COMMON_BLOCKS = YES;
				GCC_OPTIMIZATION_LEVEL = 0;
				GCC_PREPROCESSOR_DEFINITIONS = (
					"DEBUG=1",
					"$(inherited)",
				);
				GCC_WARN_64_TO_32_BIT_CONVERSION = YES;
				GCC_WARN_ABOUT_RETURN_TYPE = YES_ERROR;
				GCC_WARN_UNDECLARED_SELECTOR = YES;
				GCC_WARN_UNINITIALIZED_AUTOS = YES_AGGRESSIVE;
				GCC_WARN_UNUSED_FUNCTION = YES;
				GCC_WARN_UNUSED_VARIABLE = YES;
				IPHONEOS_DEPLOYMENT_TARGET = 10.2;
				MTL_ENABLE_DEBUG_INFO = YES;
				ONLY_ACTIVE_ARCH = YES;
				SDKROOT = iphoneos;
				SWIFT_ACTIVE_COMPILATION_CONDITIONS = DEBUG;
				SWIFT_OPTIMIZATION_LEVEL = "-Onone";
			};
			name = Debug;
		};
		D6847C0A1E84B845006DBBB0 /* Release */ = {
			isa = XCBuildConfiguration;
			buildSettings = {
				ALWAYS_SEARCH_USER_PATHS = NO;
				CLANG_ANALYZER_NONNULL = YES;
				CLANG_CXX_LANGUAGE_STANDARD = "gnu++0x";
				CLANG_CXX_LIBRARY = "libc++";
				CLANG_ENABLE_MODULES = YES;
				CLANG_ENABLE_OBJC_ARC = YES;
				CLANG_WARN_BOOL_CONVERSION = YES;
				CLANG_WARN_CONSTANT_CONVERSION = YES;
				CLANG_WARN_DIRECT_OBJC_ISA_USAGE = YES_ERROR;
				CLANG_WARN_DOCUMENTATION_COMMENTS = YES;
				CLANG_WARN_EMPTY_BODY = YES;
				CLANG_WARN_ENUM_CONVERSION = YES;
				CLANG_WARN_INFINITE_RECURSION = YES;
				CLANG_WARN_INT_CONVERSION = YES;
				CLANG_WARN_OBJC_ROOT_CLASS = YES_ERROR;
				CLANG_WARN_SUSPICIOUS_MOVE = YES;
				CLANG_WARN_UNREACHABLE_CODE = YES;
				CLANG_WARN__DUPLICATE_METHOD_MATCH = YES;
				"CODE_SIGN_IDENTITY[sdk=iphoneos*]" = "iPhone Developer";
				COPY_PHASE_STRIP = NO;
				DEBUG_INFORMATION_FORMAT = "dwarf-with-dsym";
				ENABLE_NS_ASSERTIONS = NO;
				ENABLE_STRICT_OBJC_MSGSEND = YES;
				GCC_C_LANGUAGE_STANDARD = gnu99;
				GCC_NO_COMMON_BLOCKS = YES;
				GCC_WARN_64_TO_32_BIT_CONVERSION = YES;
				GCC_WARN_ABOUT_RETURN_TYPE = YES_ERROR;
				GCC_WARN_UNDECLARED_SELECTOR = YES;
				GCC_WARN_UNINITIALIZED_AUTOS = YES_AGGRESSIVE;
				GCC_WARN_UNUSED_FUNCTION = YES;
				GCC_WARN_UNUSED_VARIABLE = YES;
				IPHONEOS_DEPLOYMENT_TARGET = 10.2;
				MTL_ENABLE_DEBUG_INFO = NO;
				SDKROOT = iphoneos;
				SWIFT_OPTIMIZATION_LEVEL = "-Owholemodule";
				VALIDATE_PRODUCT = YES;
			};
			name = Release;
		};
		D6847C0C1E84B845006DBBB0 /* Debug */ = {
			isa = XCBuildConfiguration;
			buildSettings = {
				ASSETCATALOG_COMPILER_APPICON_NAME = AppIcon;
				DEVELOPMENT_TEAM = NP7D9SC777;
				INFOPLIST_FILE = GesturesPassword/Info.plist;
				LD_RUNPATH_SEARCH_PATHS = "$(inherited) @executable_path/Frameworks";
				PRODUCT_BUNDLE_IDENTIFIER = com.sql.GesturesPassword;
				PRODUCT_NAME = "$(TARGET_NAME)";
				SWIFT_VERSION = 3.0;
			};
			name = Debug;
		};
		D6847C0D1E84B845006DBBB0 /* Release */ = {
			isa = XCBuildConfiguration;
			buildSettings = {
				ASSETCATALOG_COMPILER_APPICON_NAME = AppIcon;
				DEVELOPMENT_TEAM = NP7D9SC777;
				INFOPLIST_FILE = GesturesPassword/Info.plist;
				LD_RUNPATH_SEARCH_PATHS = "$(inherited) @executable_path/Frameworks";
				PRODUCT_BUNDLE_IDENTIFIER = com.sql.GesturesPassword;
				PRODUCT_NAME = "$(TARGET_NAME)";
				SWIFT_VERSION = 3.0;
			};
			name = Release;
		};
/* End XCBuildConfiguration section */

/* Begin XCConfigurationList section */
		D6847BF41E84B842006DBBB0 /* Build configuration list for PBXProject "GesturesPassword" */ = {
			isa = XCConfigurationList;
			buildConfigurations = (
				D6847C091E84B845006DBBB0 /* Debug */,
				D6847C0A1E84B845006DBBB0 /* Release */,
			);
			defaultConfigurationIsVisible = 0;
			defaultConfigurationName = Release;
		};
		D6847C0B1E84B845006DBBB0 /* Build configuration list for PBXNativeTarget "GesturesPassword" */ = {
			isa = XCConfigurationList;
			buildConfigurations = (
				D6847C0C1E84B845006DBBB0 /* Debug */,
				D6847C0D1E84B845006DBBB0 /* Release */,
			);
			defaultConfigurationIsVisible = 0;
		};
/* End XCConfigurationList section */
	};
	rootObject = D6847BF11E84B842006DBBB0 /* Project object */;
}
